
Microsoft Visual Studio Solution File, Format Version 12.00
# Visual Studio Version 16
VisualStudioVersion = 16.0.30717.126
MinimumVisualStudioVersion = 10.0.40219.1
Project("{FAE04EC0-301F-11D3-BF4B-00C04F79EFBC}") = "adresssbook", "adresssbook\adresssbook.csproj", "{11A483BF-B40F-4685-B1AE-051EC53B32AF}"
EndProject
Global
	GlobalSection(SolutionConfigurationPlatforms) = preSolution
		Debug|Any CPU = Debug|Any CPU
		Release|Any CPU = Release|Any CPU
	EndGlobalSection
	GlobalSection(ProjectConfigurationPlatforms) = postSolution
		{11A483BF-B40F-4685-B1AE-051EC53B32AF}.Debug|Any CPU.ActiveCfg = Debug|Any CPU
		{11A483BF-B40F-4685-B1AE-051EC53B32AF}.Debug|Any CPU.Build.0 = Debug|Any CPU
		{11A483BF-B40F-4685-B1AE-051EC53B32AF}.Release|Any CPU.ActiveCfg = Release|Any CPU
		{11A483BF-B40F-4685-B1AE-051EC53B32AF}.Release|Any CPU.Build.0 = Release|Any CPU
	EndGlobalSection
	GlobalSection(SolutionProperties) = preSolution
		HideSolutionNode = FALSE
	EndGlobalSection
	GlobalSection(ExtensibilityGlobals) = postSolution
		SolutionGuid = {3B58FB4B-E3DC-4D99-A214-6AB39508C3D0}
	EndGlobalSection
EndGlobal
